
Microsoft Visual Studio Solution File, Format Version 12.00
# Visual Studio Version 16
VisualStudioVersion = 16.0.30503.244
MinimumVisualStudioVersion = 10.0.40219.1
Project("{FAE04EC0-301F-11D3-BF4B-00C04F79EFBC}") = "JDFirstWebApp", "JDFirstWebApp.csproj", "{2D319897-FBD7-462C-B507-ECE88D50AC45}"
EndProject
Global
	GlobalSection(SolutionConfigurationPlatforms) = preSolution
		Debug|Any CPU = Debug|Any CPU
		Release|Any CPU = Release|Any CPU
	EndGlobalSection
	GlobalSection(ProjectConfigurationPlatforms) = postSolution
		{2D319897-FBD7-462C-B507-ECE88D50AC45}.Debug|Any CPU.ActiveCfg = Debug|Any CPU
		{2D319897-FBD7-462C-B507-ECE88D50AC45}.Debug|Any CPU.Build.0 = Debug|Any CPU
		{2D319897-FBD7-462C-B507-ECE88D50AC45}.Release|Any CPU.ActiveCfg = Release|Any CPU
		{2D319897-FBD7-462C-B507-ECE88D50AC45}.Release|Any CPU.Build.0 = Release|Any CPU
	EndGlobalSection
	GlobalSection(SolutionProperties) = preSolution
		HideSolutionNode = FALSE
	EndGlobalSection
	GlobalSection(ExtensibilityGlobals) = postSolution
		SolutionGuid = {1225ED92-551E-4A6A-A44F-425E3E379A18}
	EndGlobalSection
EndGlobal
